# THIS IS AN AUTOGENERATED FILE. DO NOT EDIT THIS FILE DIRECTLY.
# yarn lockfile v1


font-finder@^1.0.3:
  version "1.0.4"
  resolved "https://registry.yarnpkg.com/font-finder/-/font-finder-1.0.4.tgz#2ca944954dd8d0e1b5bdc4c596cc08607761d89b"
  dependencies:
    get-system-fonts "^2.0.0"
    promise-stream-reader "^1.0.1"

font-finder@^1.1.0:
  version "1.1.0"
  resolved "https://registry.npmjs.org/font-finder/-/font-finder-1.1.0.tgz#2bff2b2762acba720239c8bec898a96daae90858"
  integrity sha512-wpCL2uIbi6GurJbU7ZlQ3nGd61Ho+dSU6U83/xJT5UPFfN35EeCW/rOtS+5k+IuEZu2SYmHzDIPL9eA5tSYRAw==
  dependencies:
    get-system-fonts "^2.0.0"
    promise-stream-reader "^1.0.1"

font-ligatures@^1.4.0:
  version "1.4.0"
  resolved "https://registry.npmjs.org/font-ligatures/-/font-ligatures-1.4.0.tgz#6a7b370d96be1358dddfad67830e82fbfd59e6dc"
  integrity sha512-n7DFnnEpJ0NrVoLqZIL4tMGVs+CnFwQc92m80LWyrbgAFO4x234+t2/H9o4eOYA1eh6ta9dZAEEsJAwsBdNezA==
  dependencies:
    font-finder "^1.0.3"
    lru-cache "^6.0.0"
    opentype.js "^0.8.0"

get-system-fonts@^2.0.0:
  version "2.0.0"
  resolved "https://registry.yarnpkg.com/get-system-fonts/-/get-system-fonts-2.0.0.tgz#a43b9a33f05c0715a60176d2aad5ce6e98f0a3c6"

lru-cache@^6.0.0:
  version "6.0.0"
  resolved "https://registry.npmjs.org/lru-cache/-/lru-cache-6.0.0.tgz#6d6fe6570ebd96aaf90fcad1dafa3b2566db3a94"
  integrity sha512-Jo6dJ04CmSjuznwJSS3pUeWmd/H0ffTlkXXgwZi+eq1UCmqQwCh+eLsYOYCwY991i2Fah4h1BEMCx4qThGbsiA==
  dependencies:
    yallist "^4.0.0"

opentype.js@^0.8.0:
  version "0.8.0"
  resolved "https://registry.yarnpkg.com/opentype.js/-/opentype.js-0.8.0.tgz#acabcfa1642fbe894a3e4d759e43ba694e02bd35"
  dependencies:
    tiny-inflate "^1.0.2"

promise-stream-reader@^1.0.1:
  version "1.0.1"
  resolved "https://registry.yarnpkg.com/promise-stream-reader/-/promise-stream-reader-1.0.1.tgz#4e793a79c9d49a73ccd947c6da9c127f12923649"

tiny-inflate@^1.0.2:
  version "1.0.2"
  resolved "https://registry.yarnpkg.com/tiny-inflate/-/tiny-inflate-1.0.2.tgz#93d9decffc8805bd57eae4310f0b745e9b6fb3a7"

xterm-addon-ligatures@0.5.1:
  version "0.5.1"
  resolved "https://registry.npmjs.org/xterm-addon-ligatures/-/xterm-addon-ligatures-0.5.1.tgz#40ff69c43b6406aaf130fdfe9a43ca4eac49f892"
  integrity sha512-L70vyVAapDvBBti1bqFTUQOd6R6LH5qKzqZ76sERKkf75+u++sylqflCdwT8zmorK6zxcc3vq4+I4GDYawgYrQ==
  dependencies:
    font-finder "^1.1.0"
    font-ligatures "^1.4.0"

yallist@^4.0.0:
  version "4.0.0"
  resolved "https://registry.npmjs.org/yallist/-/yallist-4.0.0.tgz#9bb92790d9c0effec63be73519e11a35019a3a72"
  integrity sha512-3wdGidZyq5PB084XLES5TpOSRA3wjXAlIWMhum2kRcv/41Sn2emQ0dycQW4uZXLejwKvg6EsvbdlVL+FYEct7A==
