# THIS IS AN AUTOGENERATED FILE. DO NOT EDIT THIS FILE DIRECTLY.
# yarn lockfile v1


font-finder@^1.0.2, font-finder@^1.0.3:
  version "1.0.4"
  resolved "https://registry.yarnpkg.com/font-finder/-/font-finder-1.0.4.tgz#2ca944954dd8d0e1b5bdc4c596cc08607761d89b"
  dependencies:
    get-system-fonts "^2.0.0"
    promise-stream-reader "^1.0.1"

font-ligatures@^1.3.1:
  version "1.3.2"
  resolved "https://registry.yarnpkg.com/font-ligatures/-/font-ligatures-1.3.2.tgz#227eb5fc38fef34b5373aa19b555320b82842a71"
  dependencies:
    font-finder "^1.0.3"
    lru-cache "^4.1.3"
    opentype.js "^0.8.0"

get-system-fonts@^2.0.0:
  version "2.0.0"
  resolved "https://registry.yarnpkg.com/get-system-fonts/-/get-system-fonts-2.0.0.tgz#a43b9a33f05c0715a60176d2aad5ce6e98f0a3c6"

lru-cache@^4.1.3:
  version "4.1.3"
  resolved "https://registry.yarnpkg.com/lru-cache/-/lru-cache-4.1.3.tgz#a1175cf3496dfc8436c156c334b4955992bce69c"
  dependencies:
    pseudomap "^1.0.2"
    yallist "^2.1.2"

opentype.js@^0.8.0:
  version "0.8.0"
  resolved "https://registry.yarnpkg.com/opentype.js/-/opentype.js-0.8.0.tgz#acabcfa1642fbe894a3e4d759e43ba694e02bd35"
  dependencies:
    tiny-inflate "^1.0.2"

promise-stream-reader@^1.0.1:
  version "1.0.1"
  resolved "https://registry.yarnpkg.com/promise-stream-reader/-/promise-stream-reader-1.0.1.tgz#4e793a79c9d49a73ccd947c6da9c127f12923649"

pseudomap@^1.0.2:
  version "1.0.2"
  resolved "https://registry.yarnpkg.com/pseudomap/-/pseudomap-1.0.2.tgz#f052a28da70e618917ef0a8ac34c1ae5a68286b3"

tiny-inflate@^1.0.2:
  version "1.0.2"
  resolved "https://registry.yarnpkg.com/tiny-inflate/-/tiny-inflate-1.0.2.tgz#93d9decffc8805bd57eae4310f0b745e9b6fb3a7"

xterm-addon-ligatures@0.1.0-beta-2:
  version "0.1.0-beta-2"
  resolved "https://registry.yarnpkg.com/xterm-addon-ligatures/-/xterm-addon-ligatures-0.1.0-beta-2.tgz#def635fd0ca671fe61179629f8492b76c66dec6e"
  dependencies:
    font-finder "^1.0.2"
    font-ligatures "^1.3.1"

yallist@^2.1.2:
  version "2.1.2"
  resolved "https://registry.yarnpkg.com/yallist/-/yallist-2.1.2.tgz#1c11f9218f076089a47dd512f93c6699a6a81d52"
